PODS:
  - TencentOpenAPI-Unofficial (3.3.5)
  - UBShareActivities (0.1.0):
    - UBShareActivities/QQ (= 0.1.0)
    - UBShareActivities/System (= 0.1.0)
    - UBShareActivities/Wechat (= 0.1.0)
    - UBShareActivities/Weibo (= 0.1.0)
  - UBShareActivities/QQ (0.1.0):
    - TencentOpenAPI-Unofficial
  - UBShareActivities/System (0.1.0)
  - UBShareActivities/Wechat (0.1.0):
    - WechatOpenSDK
  - UBShareActivities/Weibo (0.1.0):
    - Weibo_SDK
  - WechatOpenSDK (1.8.6)
  - Weibo_SDK (3.2.3)

DEPENDENCIES:
  - UBShareActivities (from `../`)

SPEC REPOS:
  https://github.com/cocoapods/specs.git:
    - TencentOpenAPI-Unofficial
    - WechatOpenSDK
    - Weibo_SDK

EXTERNAL SOURCES:
  UBShareActivities:
    :path: "../"

SPEC CHECKSUMS:
  TencentOpenAPI-Unofficial: bb112eb0f173390ea1bb2fd52270a808b0aa0057
  UBShareActivities: f51e1d124d7843eae21263063ad576a925592d30
  WechatOpenSDK: 368ae03b72ee3ea1328c4f11326fbb5d2721d118
  Weibo_SDK: 652ca78c2f7147a5de5e75e7cbea89838a81772a

PODFILE CHECKSUM: 9aea528a587e51571b03c7ff1930e6388623c8b0

COCOAPODS: 1.7.5
